
Microsoft Visual Studio Solution File, Format Version 12.00
# Visual Studio 2012
Project("{D954291E-2A0B-460D-934E-DC6B0785DB48}") = "TransApp", "TransApp\TransApp.shproj", "{CD2EA3FE-0957-436D-98E9-B68BB0E68079}"
EndProject
Project("{FAE04EC0-301F-11D3-BF4B-00C04F79EFBC}") = "TransApp.iOS", "iOS\TransApp.iOS.csproj", "{2EB30E8F-A2D1-4B70-A298-C90FA539AB7D}"
EndProject
Project("{FAE04EC0-301F-11D3-BF4B-00C04F79EFBC}") = "TransApp.Droid", "Droid\TransApp.Droid.csproj", "{71028089-8C63-4A5F-9281-ADE30EAEB401}"
EndProject
Global
	GlobalSection(SolutionConfigurationPlatforms) = preSolution
		Debug|iPhoneSimulator = Debug|iPhoneSimulator
		Release|iPhone = Release|iPhone
		Release|iPhoneSimulator = Release|iPhoneSimulator
		Debug|iPhone = Debug|iPhone
		Debug|Any CPU = Debug|Any CPU
		Release|Any CPU = Release|Any CPU
	EndGlobalSection
	GlobalSection(ProjectConfigurationPlatforms) = postSolution
		{2EB30E8F-A2D1-4B70-A298-C90FA539AB7D}.Debug|iPhoneSimulator.ActiveCfg = Debug|iPhoneSimulator
		{2EB30E8F-A2D1-4B70-A298-C90FA539AB7D}.Debug|iPhoneSimulator.Build.0 = Debug|iPhoneSimulator
		{2EB30E8F-A2D1-4B70-A298-C90FA539AB7D}.Release|iPhone.ActiveCfg = Release|iPhone
		{2EB30E8F-A2D1-4B70-A298-C90FA539AB7D}.Release|iPhone.Build.0 = Release|iPhone
		{2EB30E8F-A2D1-4B70-A298-C90FA539AB7D}.Release|iPhoneSimulator.ActiveCfg = Release|iPhoneSimulator
		{2EB30E8F-A2D1-4B70-A298-C90FA539AB7D}.Release|iPhoneSimulator.Build.0 = Release|iPhoneSimulator
		{2EB30E8F-A2D1-4B70-A298-C90FA539AB7D}.Debug|iPhone.ActiveCfg = Debug|iPhone
		{2EB30E8F-A2D1-4B70-A298-C90FA539AB7D}.Debug|iPhone.Build.0 = Debug|iPhone
		{2EB30E8F-A2D1-4B70-A298-C90FA539AB7D}.Debug|Any CPU.ActiveCfg = Debug|iPhoneSimulator
		{2EB30E8F-A2D1-4B70-A298-C90FA539AB7D}.Debug|Any CPU.Build.0 = Debug|iPhoneSimulator
		{2EB30E8F-A2D1-4B70-A298-C90FA539AB7D}.Release|Any CPU.ActiveCfg = Release|iPhone
		{2EB30E8F-A2D1-4B70-A298-C90FA539AB7D}.Release|Any CPU.Build.0 = Release|iPhone
		{71028089-8C63-4A5F-9281-ADE30EAEB401}.Debug|iPhoneSimulator.ActiveCfg = Debug|Any CPU
		{71028089-8C63-4A5F-9281-ADE30EAEB401}.Debug|iPhoneSimulator.Build.0 = Debug|Any CPU
		{71028089-8C63-4A5F-9281-ADE30EAEB401}.Release|iPhone.ActiveCfg = Release|Any CPU
		{71028089-8C63-4A5F-9281-ADE30EAEB401}.Release|iPhone.Build.0 = Release|Any CPU
		{71028089-8C63-4A5F-9281-ADE30EAEB401}.Release|iPhoneSimulator.ActiveCfg = Release|Any CPU
		{71028089-8C63-4A5F-9281-ADE30EAEB401}.Release|iPhoneSimulator.Build.0 = Release|Any CPU
		{71028089-8C63-4A5F-9281-ADE30EAEB401}.Debug|iPhone.ActiveCfg = Debug|Any CPU
		{71028089-8C63-4A5F-9281-ADE30EAEB401}.Debug|iPhone.Build.0 = Debug|Any CPU
		{71028089-8C63-4A5F-9281-ADE30EAEB401}.Debug|Any CPU.ActiveCfg = Debug|Any CPU
		{71028089-8C63-4A5F-9281-ADE30EAEB401}.Debug|Any CPU.Build.0 = Debug|Any CPU
		{71028089-8C63-4A5F-9281-ADE30EAEB401}.Release|Any CPU.ActiveCfg = Release|Any CPU
		{71028089-8C63-4A5F-9281-ADE30EAEB401}.Release|Any CPU.Build.0 = Release|Any CPU
	EndGlobalSection
	GlobalSection(MonoDevelopProperties) = preSolution
		Policies = $0
		$0.DotNetNamingPolicy = $1
		$1.DirectoryNamespaceAssociation = PrefixedHierarchical
		$0.StandardHeader = $2
		$0.VersionControlPolicy = $3
	EndGlobalSection
EndGlobal
